
Microsoft Visual Studio Solution File, Format Version 12.00
# Visual Studio 15
VisualStudioVersion = 15.0.27703.2035
MinimumVisualStudioVersion = 10.0.40219.1
Project("{9A19103F-16F7-4668-BE54-9A1E7A4F7556}") = "BatteryConditionInventory", "BatteryCondition\BatteryConditionInventory.csproj", "{D5613F5D-1E84-44FE-B576-B576D7D6AFB5}"
EndProject
Project("{FAE04EC0-301F-11D3-BF4B-00C04F79EFBC}") = "BatteryConditionInventory.Core", "BatteryConditionInventory.Core\BatteryConditionInventory.Core.csproj", "{2572AC3C-11E6-49EE-AADA-B0B7365A2B8C}"
EndProject
Project("{FAE04EC0-301F-11D3-BF4B-00C04F79EFBC}") = "BatteryConditionInventory.Infrastructure", "BatteryConditionInventory.Infrastructure\BatteryConditionInventory.Infrastructure.csproj", "{32C277FF-199E-403A-8516-7792EB04A619}"
EndProject
Global
	GlobalSection(SolutionConfigurationPlatforms) = preSolution
		Debug|Any CPU = Debug|Any CPU
		Release|Any CPU = Release|Any CPU
	EndGlobalSection
	GlobalSection(ProjectConfigurationPlatforms) = postSolution
		{D5613F5D-1E84-44FE-B576-B576D7D6AFB5}.Debug|Any CPU.ActiveCfg = Debug|Any CPU
		{D5613F5D-1E84-44FE-B576-B576D7D6AFB5}.Debug|Any CPU.Build.0 = Debug|Any CPU
		{D5613F5D-1E84-44FE-B576-B576D7D6AFB5}.Release|Any CPU.ActiveCfg = Release|Any CPU
		{D5613F5D-1E84-44FE-B576-B576D7D6AFB5}.Release|Any CPU.Build.0 = Release|Any CPU
		{2572AC3C-11E6-49EE-AADA-B0B7365A2B8C}.Debug|Any CPU.ActiveCfg = Debug|Any CPU
		{2572AC3C-11E6-49EE-AADA-B0B7365A2B8C}.Debug|Any CPU.Build.0 = Debug|Any CPU
		{2572AC3C-11E6-49EE-AADA-B0B7365A2B8C}.Release|Any CPU.ActiveCfg = Release|Any CPU
		{2572AC3C-11E6-49EE-AADA-B0B7365A2B8C}.Release|Any CPU.Build.0 = Release|Any CPU
		{32C277FF-199E-403A-8516-7792EB04A619}.Debug|Any CPU.ActiveCfg = Debug|Any CPU
		{32C277FF-199E-403A-8516-7792EB04A619}.Debug|Any CPU.Build.0 = Debug|Any CPU
		{32C277FF-199E-403A-8516-7792EB04A619}.Release|Any CPU.ActiveCfg = Release|Any CPU
		{32C277FF-199E-403A-8516-7792EB04A619}.Release|Any CPU.Build.0 = Release|Any CPU
	EndGlobalSection
	GlobalSection(SolutionProperties) = preSolution
		HideSolutionNode = FALSE
	EndGlobalSection
	GlobalSection(ExtensibilityGlobals) = postSolution
		SolutionGuid = {8A32F753-30DD-4583-A246-81C5914A3C71}
	EndGlobalSection
EndGlobal
